// !$*UTF8*$!
{
	archiveVersion = 1;
	classes = {
	};
	objectVersion = 46;
	objects = {

/* Begin PBXBuildFile section */
		7B634A8D1C8049B300EF803B /* main.m in Sources */ = {isa = PBXBuildFile; fileRef = 7B634A8C1C8049B300EF803B /* main.m */; };
		7B634A901C8049B300EF803B /* AppDelegate.m in Sources */ = {isa = PBXBuildFile; fileRef = 7B634A8F1C8049B300EF803B /* AppDelegate.m */; };
		7B634A931C8049B300EF803B /* ViewController.m in Sources */ = {isa = PBXBuildFile; fileRef = 7B634A921C8049B300EF803B /* ViewController.m */; };
		7B634A961C8049B300EF803B /* Main.storyboard in Resources */ = {isa = PBXBuildFile; fileRef = 7B634A941C8049B300EF803B /* Main.storyboard */; };
		7B634A981C8049B300EF803B /* Assets.xcassets in Resources */ = {isa = PBXBuildFile; fileRef = 7B634A971C8049B300EF803B /* Assets.xcassets */; };
		7B634A9B1C8049B300EF803B /* LaunchScreen.storyboard in Resources */ = {isa = PBXBuildFile; fileRef = 7B634A991C8049B300EF803B /* LaunchScreen.storyboard */; };
		7B634AA61C8049B300EF803B /* DoughnutTests.m in Sources */ = {isa = PBXBuildFile; fileRef = 7B634AA51C8049B300EF803B /* DoughnutTests.m */; };
		7B634AB11C8049B300EF803B /* DoughnutUITests.m in Sources */ = {isa = PBXBuildFile; fileRef = 7B634AB01C8049B300EF803B /* DoughnutUITests.m */; };
		7B634AC01C804AF400EF803B /* DoughnutView.m in Sources */ = {isa = PBXBuildFile; fileRef = 7B634ABF1C804AF400EF803B /* DoughnutView.m */; };
/* End PBXBuildFile section */

/* Begin PBXContainerItemProxy section */
		7B634AA21C8049B300EF803B /* PBXContainerItemProxy */ = {
			isa = PBXContainerItemProxy;
			containerPortal = 7B634A801C8049B300EF803B /* Project object */;
			proxyType = 1;
			remoteGlobalIDString = 7B634A871C8049B300EF803B;
			remoteInfo = Doughnut;
		};
		7B634AAD1C8049B300EF803B /* PBXContainerItemProxy */ = {
			isa = PBXContainerItemProxy;
			containerPortal = 7B634A801C8049B300EF803B /* Project object */;
			proxyType = 1;
			remoteGlobalIDString = 7B634A871C8049B300EF803B;
			remoteInfo = Doughnut;
		};
/* End PBXContainerItemProxy section */

/* Begin PBXFileReference section */
		7B634A881C8049B300EF803B /* Doughnut.app */ = {isa = PBXFileReference; explicitFileType = wrapper.application; includeInIndex = 0; path = Doughnut.app; sourceTree = BUILT_PRODUCTS_DIR; };
		7B634A8C1C8049B300EF803B /* main.m */ = {isa = PBXFileReference; lastKnownFileType = sourcecode.c.objc; path = main.m; sourceTree = "<group>"; };
		7B634A8E1C8049B300EF803B /* AppDelegate.h */ = {isa = PBXFileReference; lastKnownFileType = sourcecode.c.h; path = AppDelegate.h; sourceTree = "<group>"; };
		7B634A8F1C8049B300EF803B /* AppDelegate.m */ = {isa = PBXFileReference; lastKnownFileType = sourcecode.c.objc; path = AppDelegate.m; sourceTree = "<group>"; };
		7B634A911C8049B300EF803B /* ViewController.h */ = {isa = PBXFileReference; lastKnownFileType = sourcecode.c.h; path = ViewController.h; sourceTree = "<group>"; };
		7B634A921C8049B300EF803B /* ViewController.m */ = {isa = PBXFileReference; lastKnownFileType = sourcecode.c.objc; path = ViewController.m; sourceTree = "<group>"; };
		7B634A951C8049B300EF803B /* Base */ = {isa = PBXFileReference; lastKnownFileType = file.storyboard; name = Base; path = Base.lproj/Main.storyboard; sourceTree = "<group>"; };
		7B634A971C8049B300EF803B /* Assets.xcassets */ = {isa = PBXFileReference; lastKnownFileType = folder.assetcatalog; path = Assets.xcassets; sourceTree = "<group>"; };
		7B634A9A1C8049B300EF803B /* Base */ = {isa = PBXFileReference; lastKnownFileType = file.storyboard; name = Base; path = Base.lproj/LaunchScreen.storyboard; sourceTree = "<group>"; };
		7B634A9C1C8049B300EF803B /* Info.plist */ = {isa = PBXFileReference; lastKnownFileType = text.plist.xml; path = Info.plist; sourceTree = "<group>"; };
		7B634AA11C8049B300EF803B /* DoughnutTests.xctest */ = {isa = PBXFileReference; explicitFileType = wrapper.cfbundle; includeInIndex = 0; path = DoughnutTests.xctest; sourceTree = BUILT_PRODUCTS_DIR; };
		7B634AA51C8049B300EF803B /* DoughnutTests.m */ = {isa = PBXFileReference; lastKnownFileType = sourcecode.c.objc; path = DoughnutTests.m; sourceTree = "<group>"; };
		7B634AA71C8049B300EF803B /* Info.plist */ = {isa = PBXFileReference; lastKnownFileType = text.plist.xml; path = Info.plist; sourceTree = "<group>"; };
		7B634AAC1C8049B300EF803B /* DoughnutUITests.xctest */ = {isa = PBXFileReference; explicitFileType = wrapper.cfbundle; includeInIndex = 0; path = DoughnutUITests.xctest; sourceTree = BUILT_PRODUCTS_DIR; };
		7B634AB01C8049B300EF803B /* DoughnutUITests.m */ = {isa = PBXFileReference; lastKnownFileType = sourcecode.c.objc; path = DoughnutUITests.m; sourceTree = "<group>"; };
		7B634AB21C8049B300EF803B /* Info.plist */ = {isa = PBXFileReference; lastKnownFileType = text.plist.xml; path = Info.plist; sourceTree = "<group>"; };
		7B634ABE1C804AF400EF803B /* DoughnutView.h */ = {isa = PBXFileReference; fileEncoding = 4; lastKnownFileType = sourcecode.c.h; path = DoughnutView.h; sourceTree = "<group>"; };
		7B634ABF1C804AF400EF803B /* DoughnutView.m */ = {isa = PBXFileReference; fileEncoding = 4; lastKnownFileType = sourcecode.c.objc; path = DoughnutView.m; sourceTree = "<group>"; };
/* End PBXFileReference section */

/* Begin PBXFrameworksBuildPhase section */
		7B634A851C8049B300EF803B /* Frameworks */ = {
			isa = PBXFrameworksBuildPhase;
			buildActionMask = 2147483647;
			files = (
			);
			runOnlyForDeploymentPostprocessing = 0;
		};
		7B634A9E1C8049B300EF803B /* Frameworks */ = {
			isa = PBXFrameworksBuildPhase;
			buildActionMask = 2147483647;
			files = (
			);
			runOnlyForDeploymentPostprocessing = 0;
		};
		7B634AA91C8049B300EF803B /* Frameworks */ = {
			isa = PBXFrameworksBuildPhase;
			buildActionMask = 2147483647;
			files = (
			);
			runOnlyForDeploymentPostprocessing = 0;
		};
/* End PBXFrameworksBuildPhase section */

/* Begin PBXGroup section */
		7B634A7F1C8049B300EF803B = {
			isa = PBXGroup;
			children = (
				7B634A8A1C8049B300EF803B /* Doughnut */,
				7B634AA41C8049B300EF803B /* DoughnutTests */,
				7B634AAF1C8049B300EF803B /* DoughnutUITests */,
				7B634A891C8049B300EF803B /* Products */,
			);
			sourceTree = "<group>";
		};
		7B634A891C8049B300EF803B /* Products */ = {
			isa = PBXGroup;
			children = (
				7B634A881C8049B300EF803B /* Doughnut.app */,
				7B634AA11C8049B300EF803B /* DoughnutTests.xctest */,
				7B634AAC1C8049B300EF803B /* DoughnutUITests.xctest */,
			);
			name = Products;
			sourceTree = "<group>";
		};
		7B634A8A1C8049B300EF803B /* Doughnut */ = {
			isa = PBXGroup;
			children = (
				7B634A8E1C8049B300EF803B /* AppDelegate.h */,
				7B634A8F1C8049B300EF803B /* AppDelegate.m */,
				7B634A911C8049B300EF803B /* ViewController.h */,
				7B634A921C8049B300EF803B /* ViewController.m */,
				7B634ABE1C804AF400EF803B /* DoughnutView.h */,
				7B634ABF1C804AF400EF803B /* DoughnutView.m */,
				7B634A941C8049B300EF803B /* Main.storyboard */,
				7B634A971C8049B300EF803B /* Assets.xcassets */,
				7B634A991C8049B300EF803B /* LaunchScreen.storyboard */,
				7B634A9C1C8049B300EF803B /* Info.plist */,
				7B634A8B1C8049B300EF803B /* Supporting Files */,
			);
			path = Doughnut;
			sourceTree = "<group>";
		};
		7B634A8B1C8049B300EF803B /* Supporting Files */ = {
			isa = PBXGroup;
			children = (
				7B634A8C1C8049B300EF803B /* main.m */,
			);
			name = "Supporting Files";
			sourceTree = "<group>";
		};
		7B634AA41C8049B300EF803B /* DoughnutTests */ = {
			isa = PBXGroup;
			children = (
				7B634AA51C8049B300EF803B /* DoughnutTests.m */,
				7B634AA71C8049B300EF803B /* Info.plist */,
			);
			path = DoughnutTests;
			sourceTree = "<group>";
		};
		7B634AAF1C8049B300EF803B /* DoughnutUITests */ = {
			isa = PBXGroup;
			children = (
				7B634AB01C8049B300EF803B /* DoughnutUITests.m */,
				7B634AB21C8049B300EF803B /* Info.plist */,
			);
			path = DoughnutUITests;
			sourceTree = "<group>";
		};
/* End PBXGroup section */

/* Begin PBXNativeTarget section */
		7B634A871C8049B300EF803B /* Doughnut */ = {
			isa = PBXNativeTarget;
			buildConfigurationList = 7B634AB51C8049B300EF803B /* Build configuration list for PBXNativeTarget "Doughnut" */;
			buildPhases = (
				7B634A841C8049B300EF803B /* Sources */,
				7B634A851C8049B300EF803B /* Frameworks */,
				7B634A861C8049B300EF803B /* Resources */,
			);
			buildRules = (
			);
			dependencies = (
			);
			name = Doughnut;
			productName = Doughnut;
			productReference = 7B634A881C8049B300EF803B /* Doughnut.app */;
			productType = "com.apple.product-type.application";
		};
		7B634AA01C8049B300EF803B /* DoughnutTests */ = {
			isa = PBXNativeTarget;
			buildConfigurationList = 7B634AB81C8049B300EF803B /* Build configuration list for PBXNativeTarget "DoughnutTests" */;
			buildPhases = (
				7B634A9D1C8049B300EF803B /* Sources */,
				7B634A9E1C8049B300EF803B /* Frameworks */,
				7B634A9F1C8049B300EF803B /* Resources */,
			);
			buildRules = (
			);
			dependencies = (
				7B634AA31C8049B300EF803B /* PBXTargetDependency */,
			);
			name = DoughnutTests;
			productName = DoughnutTests;
			productReference = 7B634AA11C8049B300EF803B /* DoughnutTests.xctest */;
			productType = "com.apple.product-type.bundle.unit-test";
		};
		7B634AAB1C8049B300EF803B /* DoughnutUITests */ = {
			isa = PBXNativeTarget;
			buildConfigurationList = 7B634ABB1C8049B300EF803B /* Build configuration list for PBXNativeTarget "DoughnutUITests" */;
			buildPhases = (
				7B634AA81C8049B300EF803B /* Sources */,
				7B634AA91C8049B300EF803B /* Frameworks */,
				7B634AAA1C8049B300EF803B /* Resources */,
			);
			buildRules = (
			);
			dependencies = (
				7B634AAE1C8049B300EF803B /* PBXTargetDependency */,
			);
			name = DoughnutUITests;
			productName = DoughnutUITests;
			productReference = 7B634AAC1C8049B300EF803B /* DoughnutUITests.xctest */;
			productType = "com.apple.product-type.bundle.ui-testing";
		};
/* End PBXNativeTarget section */

/* Begin PBXProject section */
		7B634A801C8049B300EF803B /* Project object */ = {
			isa = PBXProject;
			attributes = {
				LastUpgradeCheck = 0720;
				ORGANIZATIONNAME = "黄鹏飞";
				TargetAttributes = {
					7B634A871C8049B300EF803B = {
						CreatedOnToolsVersion = 7.2;
					};
					7B634AA01C8049B300EF803B = {
						CreatedOnToolsVersion = 7.2;
						TestTargetID = 7B634A871C8049B300EF803B;
					};
					7B634AAB1C8049B300EF803B = {
						CreatedOnToolsVersion = 7.2;
						TestTargetID = 7B634A871C8049B300EF803B;
					};
				};
			};
			buildConfigurationList = 7B634A831C8049B300EF803B /* Build configuration list for PBXProject "Doughnut" */;
			compatibilityVersion = "Xcode 3.2";
			developmentRegion = English;
			hasScannedForEncodings = 0;
			knownRegions = (
				en,
				Base,
			);
			mainGroup = 7B634A7F1C8049B300EF803B;
			productRefGroup = 7B634A891C8049B300EF803B /* Products */;
			projectDirPath = "";
			projectRoot = "";
			targets = (
				7B634A871C8049B300EF803B /* Doughnut */,
				7B634AA01C8049B300EF803B /* DoughnutTests */,
				7B634AAB1C8049B300EF803B /* DoughnutUITests */,
			);
		};
/* End PBXProject section */

/* Begin PBXResourcesBuildPhase section */
		7B634A861C8049B300EF803B /* Resources */ = {
			isa = PBXResourcesBuildPhase;
			buildActionMask = 2147483647;
			files = (
				7B634A9B1C8049B300EF803B /* LaunchScreen.storyboard in Resources */,
				7B634A981C8049B300EF803B /* Assets.xcassets in Resources */,
				7B634A961C8049B300EF803B /* Main.storyboard in Resources */,
			);
			runOnlyForDeploymentPostprocessing = 0;
		};
		7B634A9F1C8049B300EF803B /* Resources */ = {
			isa = PBXResourcesBuildPhase;
			buildActionMask = 2147483647;
			files = (
			);
			runOnlyForDeploymentPostprocessing = 0;
		};
		7B634AAA1C8049B300EF803B /* Resources */ = {
			isa = PBXResourcesBuildPhase;
			buildActionMask = 2147483647;
			files = (
			);
			runOnlyForDeploymentPostprocessing = 0;
		};
/* End PBXResourcesBuildPhase section */

/* Begin PBXSourcesBuildPhase section */
		7B634A841C8049B300EF803B /* Sources */ = {
			isa = PBXSourcesBuildPhase;
			buildActionMask = 2147483647;
			files = (
				7B634A931C8049B300EF803B /* ViewController.m in Sources */,
				7B634A901C8049B300EF803B /* AppDelegate.m in Sources */,
				7B634AC01C804AF400EF803B /* DoughnutView.m in Sources */,
				7B634A8D1C8049B300EF803B /* main.m in Sources */,
			);
			runOnlyForDeploymentPostprocessing = 0;
		};
		7B634A9D1C8049B300EF803B /* Sources */ = {
			isa = PBXSourcesBuildPhase;
			buildActionMask = 2147483647;
			files = (
				7B634AA61C8049B300EF803B /* DoughnutTests.m in Sources */,
			);
			runOnlyForDeploymentPostprocessing = 0;
		};
		7B634AA81C8049B300EF803B /* Sources */ = {
			isa = PBXSourcesBuildPhase;
			buildActionMask = 2147483647;
			files = (
				7B634AB11C8049B300EF803B /* DoughnutUITests.m in Sources */,
			);
			runOnlyForDeploymentPostprocessing = 0;
		};
/* End PBXSourcesBuildPhase section */

/* Begin PBXTargetDependency section */
		7B634AA31C8049B300EF803B /* PBXTargetDependency */ = {
			isa = PBXTargetDependency;
			target = 7B634A871C8049B300EF803B /* Doughnut */;
			targetProxy = 7B634AA21C8049B300EF803B /* PBXContainerItemProxy */;
		};
		7B634AAE1C8049B300EF803B /* PBXTargetDependency */ = {
			isa = PBXTargetDependency;
			target = 7B634A871C8049B300EF803B /* Doughnut */;
			targetProxy = 7B634AAD1C8049B300EF803B /* PBXContainerItemProxy */;
		};
/* End PBXTargetDependency section */

/* Begin PBXVariantGroup section */
		7B634A941C8049B300EF803B /* Main.storyboard */ = {
			isa = PBXVariantGroup;
			children = (
				7B634A951C8049B300EF803B /* Base */,
			);
			name = Main.storyboard;
			sourceTree = "<group>";
		};
		7B634A991C8049B300EF803B /* LaunchScreen.storyboard */ = {
			isa = PBXVariantGroup;
			children = (
				7B634A9A1C8049B300EF803B /* Base */,
			);
			name = LaunchScreen.storyboard;
			sourceTree = "<group>";
		};
/* End PBXVariantGroup section */

/* Begin XCBuildConfiguration section */
		7B634AB31C8049B300EF803B /* Debug */ = {
			isa = XCBuildConfiguration;
			buildSettings = {
				ALWAYS_SEARCH_USER_PATHS = NO;
				CLANG_CXX_LANGUAGE_STANDARD = "gnu++0x";
				CLANG_CXX_LIBRARY = "libc++";
				CLANG_ENABLE_MODULES = YES;
				CLANG_ENABLE_OBJC_ARC = YES;
				CLANG_WARN_BOOL_CONVERSION = YES;
				CLANG_WARN_CONSTANT_CONVERSION = YES;
				CLANG_WARN_DIRECT_OBJC_ISA_USAGE = YES_ERROR;
				CLANG_WARN_EMPTY_BODY = YES;
				CLANG_WARN_ENUM_CONVERSION = YES;
				CLANG_WARN_INT_CONVERSION = YES;
				CLANG_WARN_OBJC_ROOT_CLASS = YES_ERROR;
				CLANG_WARN_UNREACHABLE_CODE = YES;
				CLANG_WARN__DUPLICATE_METHOD_MATCH = YES;
				"CODE_SIGN_IDENTITY[sdk=iphoneos*]" = "iPhone Developer";
				COPY_PHASE_STRIP = NO;
				DEBUG_INFORMATION_FORMAT = dwarf;
				ENABLE_STRICT_OBJC_MSGSEND = YES;
				ENABLE_TESTABILITY = YES;
				GCC_C_LANGUAGE_STANDARD = gnu99;
				GCC_DYNAMIC_NO_PIC = NO;
				GCC_NO_COMMON_BLOCKS = YES;
				GCC_OPTIMIZATION_LEVEL = 0;
				GCC_PREPROCESSOR_DEFINITIONS = (
					"DEBUG=1",
					"$(inherited)",
				);
				GCC_WARN_64_TO_32_BIT_CONVERSION = YES;
				GCC_WARN_ABOUT_RETURN_TYPE = YES_ERROR;
				GCC_WARN_UNDECLARED_SELECTOR = YES;
				GCC_WARN_UNINITIALIZED_AUTOS = YES_AGGRESSIVE;
				GCC_WARN_UNUSED_FUNCTION = YES;
				GCC_WARN_UNUSED_VARIABLE = YES;
				IPHONEOS_DEPLOYMENT_TARGET = 9.2;
				MTL_ENABLE_DEBUG_INFO = YES;
				ONLY_ACTIVE_ARCH = YES;
				SDKROOT = iphoneos;
			};
			name = Debug;
		};
		7B634AB41C8049B300EF803B /* Release */ = {
			isa = XCBuildConfiguration;
			buildSettings = {
				ALWAYS_SEARCH_USER_PATHS = NO;
				CLANG_CXX_LANGUAGE_STANDARD = "gnu++0x";
				CLANG_CXX_LIBRARY = "libc++";
				CLANG_ENABLE_MODULES = YES;
				CLANG_ENABLE_OBJC_ARC = YES;
				CLANG_WARN_BOOL_CONVERSION = YES;
				CLANG_WARN_CONSTANT_CONVERSION = YES;
				CLANG_WARN_DIRECT_OBJC_ISA_USAGE = YES_ERROR;
				CLANG_WARN_EMPTY_BODY = YES;
				CLANG_WARN_ENUM_CONVERSION = YES;
				CLANG_WARN_INT_CONVERSION = YES;
				CLANG_WARN_OBJC_ROOT_CLASS = YES_ERROR;
				CLANG_WARN_UNREACHABLE_CODE = YES;
				CLANG_WARN__DUPLICATE_METHOD_MATCH = YES;
				"CODE_SIGN_IDENTITY[sdk=iphoneos*]" = "iPhone Developer";
				COPY_PHASE_STRIP = NO;
				DEBUG_INFORMATION_FORMAT = "dwarf-with-dsym";
				ENABLE_NS_ASSERTIONS = NO;
				ENABLE_STRICT_OBJC_MSGSEND = YES;
				GCC_C_LANGUAGE_STANDARD = gnu99;
				GCC_NO_COMMON_BLOCKS = YES;
				GCC_WARN_64_TO_32_BIT_CONVERSION = YES;
				GCC_WARN_ABOUT_RETURN_TYPE = YES_ERROR;
				GCC_WARN_UNDECLARED_SELECTOR = YES;
				GCC_WARN_UNINITIALIZED_AUTOS = YES_AGGRESSIVE;
				GCC_WARN_UNUSED_FUNCTION = YES;
				GCC_WARN_UNUSED_VARIABLE = YES;
				IPHONEOS_DEPLOYMENT_TARGET = 9.2;
				MTL_ENABLE_DEBUG_INFO = NO;
				SDKROOT = iphoneos;
				VALIDATE_PRODUCT = YES;
			};
			name = Release;
		};
		7B634AB61C8049B300EF803B /* Debug */ = {
			isa = XCBuildConfiguration;
			buildSettings = {
				ASSETCATALOG_COMPILER_APPICON_NAME = AppIcon;
				INFOPLIST_FILE = Doughnut/Info.plist;
				LD_RUNPATH_SEARCH_PATHS = "$(inherited) @executable_path/Frameworks";
				PRODUCT_BUNDLE_IDENTIFIER = com.hpf.Doughnut;
				PRODUCT_NAME = "$(TARGET_NAME)";
			};
			name = Debug;
		};
		7B634AB71C8049B300EF803B /* Release */ = {
			isa = XCBuildConfiguration;
			buildSettings = {
				ASSETCATALOG_COMPILER_APPICON_NAME = AppIcon;
				INFOPLIST_FILE = Doughnut/Info.plist;
				LD_RUNPATH_SEARCH_PATHS = "$(inherited) @executable_path/Frameworks";
				PRODUCT_BUNDLE_IDENTIFIER = com.hpf.Doughnut;
				PRODUCT_NAME = "$(TARGET_NAME)";
			};
			name = Release;
		};
		7B634AB91C8049B300EF803B /* Debug */ = {
			isa = XCBuildConfiguration;
			buildSettings = {
				BUNDLE_LOADER = "$(TEST_HOST)";
				INFOPLIST_FILE = DoughnutTests/Info.plist;
				LD_RUNPATH_SEARCH_PATHS = "$(inherited) @executable_path/Frameworks @loader_path/Frameworks";
				PRODUCT_BUNDLE_IDENTIFIER = com.hpf.DoughnutTests;
				PRODUCT_NAME = "$(TARGET_NAME)";
				TEST_HOST = "$(BUILT_PRODUCTS_DIR)/Doughnut.app/Doughnut";
			};
			name = Debug;
		};
		7B634ABA1C8049B300EF803B /* Release */ = {
			isa = XCBuildConfiguration;
			buildSettings = {
				BUNDLE_LOADER = "$(TEST_HOST)";
				INFOPLIST_FILE = DoughnutTests/Info.plist;
				LD_RUNPATH_SEARCH_PATHS = "$(inherited) @executable_path/Frameworks @loader_path/Frameworks";
				PRODUCT_BUNDLE_IDENTIFIER = com.hpf.DoughnutTests;
				PRODUCT_NAME = "$(TARGET_NAME)";
				TEST_HOST = "$(BUILT_PRODUCTS_DIR)/Doughnut.app/Doughnut";
			};
			name = Release;
		};
		7B634ABC1C8049B300EF803B /* Debug */ = {
			isa = XCBuildConfiguration;
			buildSettings = {
				INFOPLIST_FILE = DoughnutUITests/Info.plist;
				LD_RUNPATH_SEARCH_PATHS = "$(inherited) @executable_path/Frameworks @loader_path/Frameworks";
				PRODUCT_BUNDLE_IDENTIFIER = com.hpf.DoughnutUITests;
				PRODUCT_NAME = "$(TARGET_NAME)";
				TEST_TARGET_NAME = Doughnut;
				USES_XCTRUNNER = YES;
			};
			name = Debug;
		};
		7B634ABD1C8049B300EF803B /* Release */ = {
			isa = XCBuildConfiguration;
			buildSettings = {
				INFOPLIST_FILE = DoughnutUITests/Info.plist;
				LD_RUNPATH_SEARCH_PATHS = "$(inherited) @executable_path/Frameworks @loader_path/Frameworks";
				PRODUCT_BUNDLE_IDENTIFIER = com.hpf.DoughnutUITests;
				PRODUCT_NAME = "$(TARGET_NAME)";
				TEST_TARGET_NAME = Doughnut;
				USES_XCTRUNNER = YES;
			};
			name = Release;
		};
/* End XCBuildConfiguration section */

/* Begin XCConfigurationList section */
		7B634A831C8049B300EF803B /* Build configuration list for PBXProject "Doughnut" */ = {
			isa = XCConfigurationList;
			buildConfigurations = (
				7B634AB31C8049B300EF803B /* Debug */,
				7B634AB41C8049B300EF803B /* Release */,
			);
			defaultConfigurationIsVisible = 0;
			defaultConfigurationName = Release;
		};
		7B634AB51C8049B300EF803B /* Build configuration list for PBXNativeTarget "Doughnut" */ = {
			isa = XCConfigurationList;
			buildConfigurations = (
				7B634AB61C8049B300EF803B /* Debug */,
				7B634AB71C8049B300EF803B /* Release */,
			);
			defaultConfigurationIsVisible = 0;
		};
		7B634AB81C8049B300EF803B /* Build configuration list for PBXNativeTarget "DoughnutTests" */ = {
			isa = XCConfigurationList;
			buildConfigurations = (
				7B634AB91C8049B300EF803B /* Debug */,
				7B634ABA1C8049B300EF803B /* Release */,
			);
			defaultConfigurationIsVisible = 0;
		};
		7B634ABB1C8049B300EF803B /* Build configuration list for PBXNativeTarget "DoughnutUITests" */ = {
			isa = XCConfigurationList;
			buildConfigurations = (
				7B634ABC1C8049B300EF803B /* Debug */,
				7B634ABD1C8049B300EF803B /* Release */,
			);
			defaultConfigurationIsVisible = 0;
		};
/* End XCConfigurationList section */
	};
	rootObject = 7B634A801C8049B300EF803B /* Project object */;
}
